// !$*UTF8*$!
{
	archiveVersion = 1;
	classes = {
	};
	objectVersion = 55;
	objects = {

/* Begin PBXBuildFile section */
		3D7DB73A28D935250039536C /* LottieView.swift in Sources */ = {isa = PBXBuildFile; fileRef = 3D7DB73928D935250039536C /* LottieView.swift */; };
		3D7DB73D28D939550039536C /* Lottie in Frameworks */ = {isa = PBXBuildFile; productRef = 3D7DB73C28D939550039536C /* Lottie */; };
		3D7DB73F28DA06CC0039536C /* EmptyStateView.swift in Sources */ = {isa = PBXBuildFile; fileRef = 3D7DB73E28DA06CC0039536C /* EmptyStateView.swift */; };
		3D7DB74128DA0DAD0039536C /* EmtpyListView.swift in Sources */ = {isa = PBXBuildFile; fileRef = 3D7DB74028DA0DAD0039536C /* EmtpyListView.swift */; };
		3D7DB74328DA18F10039536C /* FileManager-DocumentsDirectory.swift in Sources */ = {isa = PBXBuildFile; fileRef = 3D7DB74228DA18F10039536C /* FileManager-DocumentsDirectory.swift */; };
		3D7DB74528DCDBB50039536C /* DetailedPeepView.swift in Sources */ = {isa = PBXBuildFile; fileRef = 3D7DB74428DCDBB50039536C /* DetailedPeepView.swift */; };
		3D7DB74728DD097E0039536C /* DefaultProfilePicture.swift in Sources */ = {isa = PBXBuildFile; fileRef = 3D7DB74628DD097E0039536C /* DefaultProfilePicture.swift */; };
		3D7DB74928DD0B8F0039536C /* PeepHeader.swift in Sources */ = {isa = PBXBuildFile; fileRef = 3D7DB74828DD0B8F0039536C /* PeepHeader.swift */; };
		3DA9A21F28D298C2000D3BA2 /* PeepsView.swift in Sources */ = {isa = PBXBuildFile; fileRef = 3DA9A21E28D298C2000D3BA2 /* PeepsView.swift */; };
		3DA9A22128D298E6000D3BA2 /* ProfileView.swift in Sources */ = {isa = PBXBuildFile; fileRef = 3DA9A22028D298E6000D3BA2 /* ProfileView.swift */; };
		3DA9A22328D29B45000D3BA2 /* Peep.swift in Sources */ = {isa = PBXBuildFile; fileRef = 3DA9A22228D29B45000D3BA2 /* Peep.swift */; };
		3DA9A22628D3DABD000D3BA2 /* CodeScanner in Frameworks */ = {isa = PBXBuildFile; productRef = 3DA9A22528D3DABD000D3BA2 /* CodeScanner */; };
		3DD89E4B28D76AEF005ABCBB /* PeepCard.swift in Sources */ = {isa = PBXBuildFile; fileRef = 3DD89E4A28D76AEF005ABCBB /* PeepCard.swift */; };
		3DDF868C28D4F39E0075DCBD /* ImageSaver.swift in Sources */ = {isa = PBXBuildFile; fileRef = 3DDF868B28D4F39E0075DCBD /* ImageSaver.swift */; };
		3DF45CD128D0EEDC00452D35 /* QRPeepsApp.swift in Sources */ = {isa = PBXBuildFile; fileRef = 3DF45CD028D0EEDC00452D35 /* QRPeepsApp.swift */; };
		3DF45CD328D0EEDC00452D35 /* ContentView.swift in Sources */ = {isa = PBXBuildFile; fileRef = 3DF45CD228D0EEDC00452D35 /* ContentView.swift */; };
		3DF45CD528D0EEDD00452D35 /* Assets.xcassets in Resources */ = {isa = PBXBuildFile; fileRef = 3DF45CD428D0EEDD00452D35 /* Assets.xcassets */; };
		3DF45CD828D0EEDD00452D35 /* Preview Assets.xcassets in Resources */ = {isa = PBXBuildFile; fileRef = 3DF45CD728D0EEDD00452D35 /* Preview Assets.xcassets */; };
		3DF45CE228D0EEDD00452D35 /* QRPeepsTests.swift in Sources */ = {isa = PBXBuildFile; fileRef = 3DF45CE128D0EEDD00452D35 /* QRPeepsTests.swift */; };
		3DF45CEC28D0EEDD00452D35 /* QRPeepsUITests.swift in Sources */ = {isa = PBXBuildFile; fileRef = 3DF45CEB28D0EEDD00452D35 /* QRPeepsUITests.swift */; };
		3DF45CEE28D0EEDD00452D35 /* QRPeepsUITestsLaunchTests.swift in Sources */ = {isa = PBXBuildFile; fileRef = 3DF45CED28D0EEDD00452D35 /* QRPeepsUITestsLaunchTests.swift */; };
/* End PBXBuildFile section */

/* Begin PBXContainerItemProxy section */
		3DF45CDE28D0EEDD00452D35 /* PBXContainerItemProxy */ = {
			isa = PBXContainerItemProxy;
			containerPortal = 3DF45CC528D0EEDC00452D35 /* Project object */;
			proxyType = 1;
			remoteGlobalIDString = 3DF45CCC28D0EEDC00452D35;
			remoteInfo = QRPeeps;
		};
		3DF45CE828D0EEDD00452D35 /* PBXContainerItemProxy */ = {
			isa = PBXContainerItemProxy;
			containerPortal = 3DF45CC528D0EEDC00452D35 /* Project object */;
			proxyType = 1;
			remoteGlobalIDString = 3DF45CCC28D0EEDC00452D35;
			remoteInfo = QRPeeps;
		};
/* End PBXContainerItemProxy section */

/* Begin PBXFileReference section */
		3D7DB73928D935250039536C /* LottieView.swift */ = {isa = PBXFileReference; lastKnownFileType = sourcecode.swift; path = LottieView.swift; sourceTree = "<group>"; };
		3D7DB73E28DA06CC0039536C /* EmptyStateView.swift */ = {isa = PBXFileReference; lastKnownFileType = sourcecode.swift; path = EmptyStateView.swift; sourceTree = "<group>"; };
		3D7DB74028DA0DAD0039536C /* EmtpyListView.swift */ = {isa = PBXFileReference; lastKnownFileType = sourcecode.swift; path = EmtpyListView.swift; sourceTree = "<group>"; };
		3D7DB74228DA18F10039536C /* FileManager-DocumentsDirectory.swift */ = {isa = PBXFileReference; lastKnownFileType = sourcecode.swift; path = "FileManager-DocumentsDirectory.swift"; sourceTree = "<group>"; };
		3D7DB74428DCDBB50039536C /* DetailedPeepView.swift */ = {isa = PBXFileReference; lastKnownFileType = sourcecode.swift; path = DetailedPeepView.swift; sourceTree = "<group>"; };
		3D7DB74628DD097E0039536C /* DefaultProfilePicture.swift */ = {isa = PBXFileReference; lastKnownFileType = sourcecode.swift; path = DefaultProfilePicture.swift; sourceTree = "<group>"; };
		3D7DB74828DD0B8F0039536C /* PeepHeader.swift */ = {isa = PBXFileReference; lastKnownFileType = sourcecode.swift; path = PeepHeader.swift; sourceTree = "<group>"; };
		3DA9A21E28D298C2000D3BA2 /* PeepsView.swift */ = {isa = PBXFileReference; lastKnownFileType = sourcecode.swift; path = PeepsView.swift; sourceTree = "<group>"; };
		3DA9A22028D298E6000D3BA2 /* ProfileView.swift */ = {isa = PBXFileReference; lastKnownFileType = sourcecode.swift; path = ProfileView.swift; sourceTree = "<group>"; };
		3DA9A22228D29B45000D3BA2 /* Peep.swift */ = {isa = PBXFileReference; lastKnownFileType = sourcecode.swift; path = Peep.swift; sourceTree = "<group>"; };
		3DD89E4A28D76AEF005ABCBB /* PeepCard.swift */ = {isa = PBXFileReference; lastKnownFileType = sourcecode.swift; path = PeepCard.swift; sourceTree = "<group>"; };
		3DDF868B28D4F39E0075DCBD /* ImageSaver.swift */ = {isa = PBXFileReference; lastKnownFileType = sourcecode.swift; path = ImageSaver.swift; sourceTree = "<group>"; };
		3DF45CCD28D0EEDC00452D35 /* QRPeeps.app */ = {isa = PBXFileReference; explicitFileType = wrapper.application; includeInIndex = 0; path = QRPeeps.app; sourceTree = BUILT_PRODUCTS_DIR; };
		3DF45CD028D0EEDC00452D35 /* QRPeepsApp.swift */ = {isa = PBXFileReference; lastKnownFileType = sourcecode.swift; path = QRPeepsApp.swift; sourceTree = "<group>"; };
		3DF45CD228D0EEDC00452D35 /* ContentView.swift */ = {isa = PBXFileReference; lastKnownFileType = sourcecode.swift; path = ContentView.swift; sourceTree = "<group>"; };
		3DF45CD428D0EEDD00452D35 /* Assets.xcassets */ = {isa = PBXFileReference; lastKnownFileType = folder.assetcatalog; path = Assets.xcassets; sourceTree = "<group>"; };
		3DF45CD728D0EEDD00452D35 /* Preview Assets.xcassets */ = {isa = PBXFileReference; lastKnownFileType = folder.assetcatalog; path = "Preview Assets.xcassets"; sourceTree = "<group>"; };
		3DF45CDD28D0EEDD00452D35 /* QRPeepsTests.xctest */ = {isa = PBXFileReference; explicitFileType = wrapper.cfbundle; includeInIndex = 0; path = QRPeepsTests.xctest; sourceTree = BUILT_PRODUCTS_DIR; };
		3DF45CE128D0EEDD00452D35 /* QRPeepsTests.swift */ = {isa = PBXFileReference; lastKnownFileType = sourcecode.swift; path = QRPeepsTests.swift; sourceTree = "<group>"; };
		3DF45CE728D0EEDD00452D35 /* QRPeepsUITests.xctest */ = {isa = PBXFileReference; explicitFileType = wrapper.cfbundle; includeInIndex = 0; path = QRPeepsUITests.xctest; sourceTree = BUILT_PRODUCTS_DIR; };
		3DF45CEB28D0EEDD00452D35 /* QRPeepsUITests.swift */ = {isa = PBXFileReference; lastKnownFileType = sourcecode.swift; path = QRPeepsUITests.swift; sourceTree = "<group>"; };
		3DF45CED28D0EEDD00452D35 /* QRPeepsUITestsLaunchTests.swift */ = {isa = PBXFileReference; lastKnownFileType = sourcecode.swift; path = QRPeepsUITestsLaunchTests.swift; sourceTree = "<group>"; };
/* End PBXFileReference section */

/* Begin PBXFrameworksBuildPhase section */
		3DF45CCA28D0EEDC00452D35 /* Frameworks */ = {
			isa = PBXFrameworksBuildPhase;
			buildActionMask = 2147483647;
			files = (
				3DA9A22628D3DABD000D3BA2 /* CodeScanner in Frameworks */,
				3D7DB73D28D939550039536C /* Lottie in Frameworks */,
			);
			runOnlyForDeploymentPostprocessing = 0;
		};
		3DF45CDA28D0EEDD00452D35 /* Frameworks */ = {
			isa = PBXFrameworksBuildPhase;
			buildActionMask = 2147483647;
			files = (
			);
			runOnlyForDeploymentPostprocessing = 0;
		};
		3DF45CE428D0EEDD00452D35 /* Frameworks */ = {
			isa = PBXFrameworksBuildPhase;
			buildActionMask = 2147483647;
			files = (
			);
			runOnlyForDeploymentPostprocessing = 0;
		};
/* End PBXFrameworksBuildPhase section */

/* Begin PBXGroup section */
		3DD89E4928D76AD8005ABCBB /* Components */ = {
			isa = PBXGroup;
			children = (
				3DD89E4A28D76AEF005ABCBB /* PeepCard.swift */,
				3D7DB73928D935250039536C /* LottieView.swift */,
				3D7DB73E28DA06CC0039536C /* EmptyStateView.swift */,
				3D7DB74628DD097E0039536C /* DefaultProfilePicture.swift */,
				3D7DB74828DD0B8F0039536C /* PeepHeader.swift */,
			);
			path = Components;
			sourceTree = "<group>";
		};
		3DDF868A28D4F38A0075DCBD /* Utilities */ = {
			isa = PBXGroup;
			children = (
				3DDF868B28D4F39E0075DCBD /* ImageSaver.swift */,
				3D7DB74228DA18F10039536C /* FileManager-DocumentsDirectory.swift */,
			);
			path = Utilities;
			sourceTree = "<group>";
		};
		3DF45CC428D0EEDC00452D35 = {
			isa = PBXGroup;
			children = (
				3DF45CCF28D0EEDC00452D35 /* QRPeeps */,
				3DF45CE028D0EEDD00452D35 /* QRPeepsTests */,
				3DF45CEA28D0EEDD00452D35 /* QRPeepsUITests */,
				3DF45CCE28D0EEDC00452D35 /* Products */,
			);
			sourceTree = "<group>";
		};
		3DF45CCE28D0EEDC00452D35 /* Products */ = {
			isa = PBXGroup;
			children = (
				3DF45CCD28D0EEDC00452D35 /* QRPeeps.app */,
				3DF45CDD28D0EEDD00452D35 /* QRPeepsTests.xctest */,
				3DF45CE728D0EEDD00452D35 /* QRPeepsUITests.xctest */,
			);
			name = Products;
			sourceTree = "<group>";
		};
		3DF45CCF28D0EEDC00452D35 /* QRPeeps */ = {
			isa = PBXGroup;
			children = (
				3DF45CD028D0EEDC00452D35 /* QRPeepsApp.swift */,
				3DD89E4928D76AD8005ABCBB /* Components */,
				3DF45CFE28D0EF2F00452D35 /* Data */,
				3DF45CFD28D0EF2700452D35 /* Extensions */,
				3DF45CFA28D0EF1700452D35 /* Models */,
				3DDF868A28D4F38A0075DCBD /* Utilities */,
				3DF45CFB28D0EF1E00452D35 /* Views */,
				3DF45CFC28D0EF2200452D35 /* ViewModels */,
				3DF45CD428D0EEDD00452D35 /* Assets.xcassets */,
				3DF45CD628D0EEDD00452D35 /* Preview Content */,
			);
			path = QRPeeps;
			sourceTree = "<group>";
		};
		3DF45CD628D0EEDD00452D35 /* Preview Content */ = {
			isa = PBXGroup;
			children = (
				3DF45CD728D0EEDD00452D35 /* Preview Assets.xcassets */,
			);
			path = "Preview Content";
			sourceTree = "<group>";
		};
		3DF45CE028D0EEDD00452D35 /* QRPeepsTests */ = {
			isa = PBXGroup;
			children = (
				3DF45CE128D0EEDD00452D35 /* QRPeepsTests.swift */,
			);
			path = QRPeepsTests;
			sourceTree = "<group>";
		};
		3DF45CEA28D0EEDD00452D35 /* QRPeepsUITests */ = {
			isa = PBXGroup;
			children = (
				3DF45CEB28D0EEDD00452D35 /* QRPeepsUITests.swift */,
				3DF45CED28D0EEDD00452D35 /* QRPeepsUITestsLaunchTests.swift */,
			);
			path = QRPeepsUITests;
			sourceTree = "<group>";
		};
		3DF45CFA28D0EF1700452D35 /* Models */ = {
			isa = PBXGroup;
			children = (
				3DA9A22228D29B45000D3BA2 /* Peep.swift */,
			);
			path = Models;
			sourceTree = "<group>";
		};
		3DF45CFB28D0EF1E00452D35 /* Views */ = {
			isa = PBXGroup;
			children = (
				3DF45CD228D0EEDC00452D35 /* ContentView.swift */,
				3DA9A21E28D298C2000D3BA2 /* PeepsView.swift */,
				3DA9A22028D298E6000D3BA2 /* ProfileView.swift */,
				3D7DB74428DCDBB50039536C /* DetailedPeepView.swift */,
			);
			path = Views;
			sourceTree = "<group>";
		};
		3DF45CFC28D0EF2200452D35 /* ViewModels */ = {
			isa = PBXGroup;
			children = (
			);
			path = ViewModels;
			sourceTree = "<group>";
		};
		3DF45CFD28D0EF2700452D35 /* Extensions */ = {
			isa = PBXGroup;
			children = (
				3D7DB74028DA0DAD0039536C /* EmtpyListView.swift */,
			);
			path = Extensions;
			sourceTree = "<group>";
		};
		3DF45CFE28D0EF2F00452D35 /* Data */ = {
			isa = PBXGroup;
			children = (
			);
			path = Data;
			sourceTree = "<group>";
		};
/* End PBXGroup section */

/* Begin PBXNativeTarget section */
		3DF45CCC28D0EEDC00452D35 /* QRPeeps */ = {
			isa = PBXNativeTarget;
			buildConfigurationList = 3DF45CF128D0EEDD00452D35 /* Build configuration list for PBXNativeTarget "QRPeeps" */;
			buildPhases = (
				3DF45CC928D0EEDC00452D35 /* Sources */,
				3DF45CCA28D0EEDC00452D35 /* Frameworks */,
				3DF45CCB28D0EEDC00452D35 /* Resources */,
			);
			buildRules = (
			);
			dependencies = (
			);
			name = QRPeeps;
			packageProductDependencies = (
				3DA9A22528D3DABD000D3BA2 /* CodeScanner */,
				3D7DB73C28D939550039536C /* Lottie */,
			);
			productName = QRPeeps;
			productReference = 3DF45CCD28D0EEDC00452D35 /* QRPeeps.app */;
			productType = "com.apple.product-type.application";
		};
		3DF45CDC28D0EEDD00452D35 /* QRPeepsTests */ = {
			isa = PBXNativeTarget;
			buildConfigurationList = 3DF45CF428D0EEDD00452D35 /* Build configuration list for PBXNativeTarget "QRPeepsTests" */;
			buildPhases = (
				3DF45CD928D0EEDD00452D35 /* Sources */,
				3DF45CDA28D0EEDD00452D35 /* Frameworks */,
				3DF45CDB28D0EEDD00452D35 /* Resources */,
			);
			buildRules = (
			);
			dependencies = (
				3DF45CDF28D0EEDD00452D35 /* PBXTargetDependency */,
			);
			name = QRPeepsTests;
			productName = QRPeepsTests;
			productReference = 3DF45CDD28D0EEDD00452D35 /* QRPeepsTests.xctest */;
			productType = "com.apple.product-type.bundle.unit-test";
		};
		3DF45CE628D0EEDD00452D35 /* QRPeepsUITests */ = {
			isa = PBXNativeTarget;
			buildConfigurationList = 3DF45CF728D0EEDD00452D35 /* Build configuration list for PBXNativeTarget "QRPeepsUITests" */;
			buildPhases = (
				3DF45CE328D0EEDD00452D35 /* Sources */,
				3DF45CE428D0EEDD00452D35 /* Frameworks */,
				3DF45CE528D0EEDD00452D35 /* Resources */,
			);
			buildRules = (
			);
			dependencies = (
				3DF45CE928D0EEDD00452D35 /* PBXTargetDependency */,
			);
			name = QRPeepsUITests;
			productName = QRPeepsUITests;
			productReference = 3DF45CE728D0EEDD00452D35 /* QRPeepsUITests.xctest */;
			productType = "com.apple.product-type.bundle.ui-testing";
		};
/* End PBXNativeTarget section */

/* Begin PBXProject section */
		3DF45CC528D0EEDC00452D35 /* Project object */ = {
			isa = PBXProject;
			attributes = {
				BuildIndependentTargetsInParallel = 1;
				LastSwiftUpdateCheck = 1340;
				LastUpgradeCheck = 1340;
				TargetAttributes = {
					3DF45CCC28D0EEDC00452D35 = {
						CreatedOnToolsVersion = 13.4.1;
					};
					3DF45CDC28D0EEDD00452D35 = {
						CreatedOnToolsVersion = 13.4.1;
						TestTargetID = 3DF45CCC28D0EEDC00452D35;
					};
					3DF45CE628D0EEDD00452D35 = {
						CreatedOnToolsVersion = 13.4.1;
						TestTargetID = 3DF45CCC28D0EEDC00452D35;
					};
				};
			};
			buildConfigurationList = 3DF45CC828D0EEDC00452D35 /* Build configuration list for PBXProject "QRPeeps" */;
			compatibilityVersion = "Xcode 13.0";
			developmentRegion = en;
			hasScannedForEncodings = 0;
			knownRegions = (
				en,
				Base,
			);
			mainGroup = 3DF45CC428D0EEDC00452D35;
			packageReferences = (
				3DA9A22428D3DABD000D3BA2 /* XCRemoteSwiftPackageReference "CodeScanner" */,
				3D7DB73B28D939550039536C /* XCRemoteSwiftPackageReference "lottie-ios" */,
			);
			productRefGroup = 3DF45CCE28D0EEDC00452D35 /* Products */;
			projectDirPath = "";
			projectRoot = "";
			targets = (
				3DF45CCC28D0EEDC00452D35 /* QRPeeps */,
				3DF45CDC28D0EEDD00452D35 /* QRPeepsTests */,
				3DF45CE628D0EEDD00452D35 /* QRPeepsUITests */,
			);
		};
/* End PBXProject section */

/* Begin PBXResourcesBuildPhase section */
		3DF45CCB28D0EEDC00452D35 /* Resources */ = {
			isa = PBXResourcesBuildPhase;
			buildActionMask = 2147483647;
			files = (
				3DF45CD828D0EEDD00452D35 /* Preview Assets.xcassets in Resources */,
				3DF45CD528D0EEDD00452D35 /* Assets.xcassets in Resources */,
			);
			runOnlyForDeploymentPostprocessing = 0;
		};
		3DF45CDB28D0EEDD00452D35 /* Resources */ = {
			isa = PBXResourcesBuildPhase;
			buildActionMask = 2147483647;
			files = (
			);
			runOnlyForDeploymentPostprocessing = 0;
		};
		3DF45CE528D0EEDD00452D35 /* Resources */ = {
			isa = PBXResourcesBuildPhase;
			buildActionMask = 2147483647;
			files = (
			);
			runOnlyForDeploymentPostprocessing = 0;
		};
/* End PBXResourcesBuildPhase section */

/* Begin PBXSourcesBuildPhase section */
		3DF45CC928D0EEDC00452D35 /* Sources */ = {
			isa = PBXSourcesBuildPhase;
			buildActionMask = 2147483647;
			files = (
				3D7DB73F28DA06CC0039536C /* EmptyStateView.swift in Sources */,
				3D7DB74328DA18F10039536C /* FileManager-DocumentsDirectory.swift in Sources */,
				3D7DB74728DD097E0039536C /* DefaultProfilePicture.swift in Sources */,
				3DA9A22128D298E6000D3BA2 /* ProfileView.swift in Sources */,
				3DDF868C28D4F39E0075DCBD /* ImageSaver.swift in Sources */,
				3D7DB74128DA0DAD0039536C /* EmtpyListView.swift in Sources */,
				3DF45CD328D0EEDC00452D35 /* ContentView.swift in Sources */,
				3DA9A21F28D298C2000D3BA2 /* PeepsView.swift in Sources */,
				3DD89E4B28D76AEF005ABCBB /* PeepCard.swift in Sources */,
				3D7DB73A28D935250039536C /* LottieView.swift in Sources */,
				3D7DB74928DD0B8F0039536C /* PeepHeader.swift in Sources */,
				3DF45CD128D0EEDC00452D35 /* QRPeepsApp.swift in Sources */,
				3D7DB74528DCDBB50039536C /* DetailedPeepView.swift in Sources */,
				3DA9A22328D29B45000D3BA2 /* Peep.swift in Sources */,
			);
			runOnlyForDeploymentPostprocessing = 0;
		};
		3DF45CD928D0EEDD00452D35 /* Sources */ = {
			isa = PBXSourcesBuildPhase;
			buildActionMask = 2147483647;
			files = (
				3DF45CE228D0EEDD00452D35 /* QRPeepsTests.swift in Sources */,
			);
			runOnlyForDeploymentPostprocessing = 0;
		};
		3DF45CE328D0EEDD00452D35 /* Sources */ = {
			isa = PBXSourcesBuildPhase;
			buildActionMask = 2147483647;
			files = (
				3DF45CEC28D0EEDD00452D35 /* QRPeepsUITests.swift in Sources */,
				3DF45CEE28D0EEDD00452D35 /* QRPeepsUITestsLaunchTests.swift in Sources */,
			);
			runOnlyForDeploymentPostprocessing = 0;
		};
/* End PBXSourcesBuildPhase section */

/* Begin PBXTargetDependency section */
		3DF45CDF28D0EEDD00452D35 /* PBXTargetDependency */ = {
			isa = PBXTargetDependency;
			target = 3DF45CCC28D0EEDC00452D35 /* QRPeeps */;
			targetProxy = 3DF45CDE28D0EEDD00452D35 /* PBXContainerItemProxy */;
		};
		3DF45CE928D0EEDD00452D35 /* PBXTargetDependency */ = {
			isa = PBXTargetDependency;
			target = 3DF45CCC28D0EEDC00452D35 /* QRPeeps */;
			targetProxy = 3DF45CE828D0EEDD00452D35 /* PBXContainerItemProxy */;
		};
/* End PBXTargetDependency section */

/* Begin XCBuildConfiguration section */
		3DF45CEF28D0EEDD00452D35 /* Debug */ = {
			isa = XCBuildConfiguration;
			buildSettings = {
				ALWAYS_SEARCH_USER_PATHS = NO;
				CLANG_ANALYZER_NONNULL = YES;
				CLANG_ANALYZER_NUMBER_OBJECT_CONVERSION = YES_AGGRESSIVE;
				CLANG_CXX_LANGUAGE_STANDARD = "gnu++17";
				CLANG_ENABLE_MODULES = YES;
				CLANG_ENABLE_OBJC_ARC = YES;
				CLANG_ENABLE_OBJC_WEAK = YES;
				CLANG_WARN_BLOCK_CAPTURE_AUTORELEASING = YES;
				CLANG_WARN_BOOL_CONVERSION = YES;
				CLANG_WARN_COMMA = YES;
				CLANG_WARN_CONSTANT_CONVERSION = YES;
				CLANG_WARN_DEPRECATED_OBJC_IMPLEMENTATIONS = YES;
				CLANG_WARN_DIRECT_OBJC_ISA_USAGE = YES_ERROR;
				CLANG_WARN_DOCUMENTATION_COMMENTS = YES;
				CLANG_WARN_EMPTY_BODY = YES;
				CLANG_WARN_ENUM_CONVERSION = YES;
				CLANG_WARN_INFINITE_RECURSION = YES;
				CLANG_WARN_INT_CONVERSION = YES;
				CLANG_WARN_NON_LITERAL_NULL_CONVERSION = YES;
				CLANG_WARN_OBJC_IMPLICIT_RETAIN_SELF = YES;
				CLANG_WARN_OBJC_LITERAL_CONVERSION = YES;
				CLANG_WARN_OBJC_ROOT_CLASS = YES_ERROR;
				CLANG_WARN_QUOTED_INCLUDE_IN_FRAMEWORK_HEADER = YES;
				CLANG_WARN_RANGE_LOOP_ANALYSIS = YES;
				CLANG_WARN_STRICT_PROTOTYPES = YES;
				CLANG_WARN_SUSPICIOUS_MOVE = YES;
				CLANG_WARN_UNGUARDED_AVAILABILITY = YES_AGGRESSIVE;
				CLANG_WARN_UNREACHABLE_CODE = YES;
				CLANG_WARN__DUPLICATE_METHOD_MATCH = YES;
				COPY_PHASE_STRIP = NO;
				DEBUG_INFORMATION_FORMAT = dwarf;
				ENABLE_STRICT_OBJC_MSGSEND = YES;
				ENABLE_TESTABILITY = YES;
				GCC_C_LANGUAGE_STANDARD = gnu11;
				GCC_DYNAMIC_NO_PIC = NO;
				GCC_NO_COMMON_BLOCKS = YES;
				GCC_OPTIMIZATION_LEVEL = 0;
				GCC_PREPROCESSOR_DEFINITIONS = (
					"DEBUG=1",
					"$(inherited)",
				);
				GCC_WARN_64_TO_32_BIT_CONVERSION = YES;
				GCC_WARN_ABOUT_RETURN_TYPE = YES_ERROR;
				GCC_WARN_UNDECLARED_SELECTOR = YES;
				GCC_WARN_UNINITIALIZED_AUTOS = YES_AGGRESSIVE;
				GCC_WARN_UNUSED_FUNCTION = YES;
				GCC_WARN_UNUSED_VARIABLE = YES;
				IPHONEOS_DEPLOYMENT_TARGET = 15.5;
				MTL_ENABLE_DEBUG_INFO = INCLUDE_SOURCE;
				MTL_FAST_MATH = YES;
				ONLY_ACTIVE_ARCH = YES;
				SDKROOT = iphoneos;
				SWIFT_ACTIVE_COMPILATION_CONDITIONS = DEBUG;
				SWIFT_OPTIMIZATION_LEVEL = "-Onone";
			};
			name = Debug;
		};
		3DF45CF028D0EEDD00452D35 /* Release */ = {
			isa = XCBuildConfiguration;
			buildSettings = {
				ALWAYS_SEARCH_USER_PATHS = NO;
				CLANG_ANALYZER_NONNULL = YES;
				CLANG_ANALYZER_NUMBER_OBJECT_CONVERSION = YES_AGGRESSIVE;
				CLANG_CXX_LANGUAGE_STANDARD = "gnu++17";
				CLANG_ENABLE_MODULES = YES;
				CLANG_ENABLE_OBJC_ARC = YES;
				CLANG_ENABLE_OBJC_WEAK = YES;
				CLANG_WARN_BLOCK_CAPTURE_AUTORELEASING = YES;
				CLANG_WARN_BOOL_CONVERSION = YES;
				CLANG_WARN_COMMA = YES;
				CLANG_WARN_CONSTANT_CONVERSION = YES;
				CLANG_WARN_DEPRECATED_OBJC_IMPLEMENTATIONS = YES;
				CLANG_WARN_DIRECT_OBJC_ISA_USAGE = YES_ERROR;
				CLANG_WARN_DOCUMENTATION_COMMENTS = YES;
				CLANG_WARN_EMPTY_BODY = YES;
				CLANG_WARN_ENUM_CONVERSION = YES;
				CLANG_WARN_INFINITE_RECURSION = YES;
				CLANG_WARN_INT_CONVERSION = YES;
				CLANG_WARN_NON_LITERAL_NULL_CONVERSION = YES;
				CLANG_WARN_OBJC_IMPLICIT_RETAIN_SELF = YES;
				CLANG_WARN_OBJC_LITERAL_CONVERSION = YES;
				CLANG_WARN_OBJC_ROOT_CLASS = YES_ERROR;
				CLANG_WARN_QUOTED_INCLUDE_IN_FRAMEWORK_HEADER = YES;
				CLANG_WARN_RANGE_LOOP_ANALYSIS = YES;
				CLANG_WARN_STRICT_PROTOTYPES = YES;
				CLANG_WARN_SUSPICIOUS_MOVE = YES;
				CLANG_WARN_UNGUARDED_AVAILABILITY = YES_AGGRESSIVE;
				CLANG_WARN_UNREACHABLE_CODE = YES;
				CLANG_WARN__DUPLICATE_METHOD_MATCH = YES;
				COPY_PHASE_STRIP = NO;
				DEBUG_INFORMATION_FORMAT = "dwarf-with-dsym";
				ENABLE_NS_ASSERTIONS = NO;
				ENABLE_STRICT_OBJC_MSGSEND = YES;
				GCC_C_LANGUAGE_STANDARD = gnu11;
				GCC_NO_COMMON_BLOCKS = YES;
				GCC_WARN_64_TO_32_BIT_CONVERSION = YES;
				GCC_WARN_ABOUT_RETURN_TYPE = YES_ERROR;
				GCC_WARN_UNDECLARED_SELECTOR = YES;
				GCC_WARN_UNINITIALIZED_AUTOS = YES_AGGRESSIVE;
				GCC_WARN_UNUSED_FUNCTION = YES;
				GCC_WARN_UNUSED_VARIABLE = YES;
				IPHONEOS_DEPLOYMENT_TARGET = 15.5;
				MTL_ENABLE_DEBUG_INFO = NO;
				MTL_FAST_MATH = YES;
				SDKROOT = iphoneos;
				SWIFT_COMPILATION_MODE = wholemodule;
				SWIFT_OPTIMIZATION_LEVEL = "-O";
				VALIDATE_PRODUCT = YES;
			};
			name = Release;
		};
		3DF45CF228D0EEDD00452D35 /* Debug */ = {
			isa = XCBuildConfiguration;
			buildSettings = {
				ASSETCATALOG_COMPILER_APPICON_NAME = AppIcon;
				ASSETCATALOG_COMPILER_GLOBAL_ACCENT_COLOR_NAME = AccentColor;
				CODE_SIGN_STYLE = Automatic;
				CURRENT_PROJECT_VERSION = 1;
				DEAD_CODE_STRIPPING = YES;
				DEVELOPMENT_ASSET_PATHS = "\"QRPeeps/Preview Content\"";
				DEVELOPMENT_TEAM = ZRZ9UAH99Q;
				ENABLE_PREVIEWS = YES;
				GENERATE_INFOPLIST_FILE = YES;
				INFOPLIST_KEY_NSCameraUsageDescription = "QRPeeps would like to use the camera to scan QR codes.";
				INFOPLIST_KEY_NSPhotoLibraryAddUsageDescription = "QR Peeps would like to save images to your photo library.";
				INFOPLIST_KEY_UIApplicationSceneManifest_Generation = YES;
				INFOPLIST_KEY_UIApplicationSupportsIndirectInputEvents = YES;
				INFOPLIST_KEY_UILaunchScreen_Generation = YES;
				INFOPLIST_KEY_UISupportedInterfaceOrientations_iPad = "UIInterfaceOrientationPortrait UIInterfaceOrientationPortraitUpsideDown UIInterfaceOrientationLandscapeLeft UIInterfaceOrientationLandscapeRight";
				INFOPLIST_KEY_UISupportedInterfaceOrientations_iPhone = "UIInterfaceOrientationPortrait UIInterfaceOrientationLandscapeLeft UIInterfaceOrientationLandscapeRight";
				LD_RUNPATH_SEARCH_PATHS = (
					"$(inherited)",
					"@executable_path/Frameworks",
				);
				MARKETING_VERSION = 1.0;
				PRODUCT_BUNDLE_IDENTIFIER = com.mailliwi.QRPeeps;
				PRODUCT_NAME = "$(TARGET_NAME)";
				SWIFT_EMIT_LOC_STRINGS = YES;
				SWIFT_VERSION = 5.0;
				TARGETED_DEVICE_FAMILY = "1,2";
			};
			name = Debug;
		};
		3DF45CF328D0EEDD00452D35 /* Release */ = {
			isa = XCBuildConfiguration;
			buildSettings = {
				ASSETCATALOG_COMPILER_APPICON_NAME = AppIcon;
				ASSETCATALOG_COMPILER_GLOBAL_ACCENT_COLOR_NAME = AccentColor;
				CODE_SIGN_STYLE = Automatic;
				CURRENT_PROJECT_VERSION = 1;
				DEAD_CODE_STRIPPING = YES;
				DEVELOPMENT_ASSET_PATHS = "\"QRPeeps/Preview Content\"";
				DEVELOPMENT_TEAM = ZRZ9UAH99Q;
				ENABLE_PREVIEWS = YES;
				GENERATE_INFOPLIST_FILE = YES;
				INFOPLIST_KEY_NSCameraUsageDescription = "QRPeeps would like to use the camera to scan QR codes.";
				INFOPLIST_KEY_NSPhotoLibraryAddUsageDescription = "QR Peeps would like to save images to your photo library.";
				INFOPLIST_KEY_UIApplicationSceneManifest_Generation = YES;
				INFOPLIST_KEY_UIApplicationSupportsIndirectInputEvents = YES;
				INFOPLIST_KEY_UILaunchScreen_Generation = YES;
				INFOPLIST_KEY_UISupportedInterfaceOrientations_iPad = "UIInterfaceOrientationPortrait UIInterfaceOrientationPortraitUpsideDown UIInterfaceOrientationLandscapeLeft UIInterfaceOrientationLandscapeRight";
				INFOPLIST_KEY_UISupportedInterfaceOrientations_iPhone = "UIInterfaceOrientationPortrait UIInterfaceOrientationLandscapeLeft UIInterfaceOrientationLandscapeRight";
				LD_RUNPATH_SEARCH_PATHS = (
					"$(inherited)",
					"@executable_path/Frameworks",
				);
				MARKETING_VERSION = 1.0;
				PRODUCT_BUNDLE_IDENTIFIER = com.mailliwi.QRPeeps;
				PRODUCT_NAME = "$(TARGET_NAME)";
				SWIFT_EMIT_LOC_STRINGS = YES;
				SWIFT_VERSION = 5.0;
				TARGETED_DEVICE_FAMILY = "1,2";
			};
			name = Release;
		};
		3DF45CF528D0EEDD00452D35 /* Debug */ = {
			isa = XCBuildConfiguration;
			buildSettings = {
				ALWAYS_EMBED_SWIFT_STANDARD_LIBRARIES = YES;
				BUNDLE_LOADER = "$(TEST_HOST)";
				CODE_SIGN_STYLE = Automatic;
				CURRENT_PROJECT_VERSION = 1;
				DEVELOPMENT_TEAM = ZRZ9UAH99Q;
				GENERATE_INFOPLIST_FILE = YES;
				IPHONEOS_DEPLOYMENT_TARGET = 15.5;
				MARKETING_VERSION = 1.0;
				PRODUCT_BUNDLE_IDENTIFIER = com.mailliwi.QRPeepsTests;
				PRODUCT_NAME = "$(TARGET_NAME)";
				SWIFT_EMIT_LOC_STRINGS = NO;
				SWIFT_VERSION = 5.0;
				TARGETED_DEVICE_FAMILY = "1,2";
				TEST_HOST = "$(BUILT_PRODUCTS_DIR)/QRPeeps.app/QRPeeps";
			};
			name = Debug;
		};
		3DF45CF628D0EEDD00452D35 /* Release */ = {
			isa = XCBuildConfiguration;
			buildSettings = {
				ALWAYS_EMBED_SWIFT_STANDARD_LIBRARIES = YES;
				BUNDLE_LOADER = "$(TEST_HOST)";
				CODE_SIGN_STYLE = Automatic;
				CURRENT_PROJECT_VERSION = 1;
				DEVELOPMENT_TEAM = ZRZ9UAH99Q;
				GENERATE_INFOPLIST_FILE = YES;
				IPHONEOS_DEPLOYMENT_TARGET = 15.5;
				MARKETING_VERSION = 1.0;
				PRODUCT_BUNDLE_IDENTIFIER = com.mailliwi.QRPeepsTests;
				PRODUCT_NAME = "$(TARGET_NAME)";
				SWIFT_EMIT_LOC_STRINGS = NO;
				SWIFT_VERSION = 5.0;
				TARGETED_DEVICE_FAMILY = "1,2";
				TEST_HOST = "$(BUILT_PRODUCTS_DIR)/QRPeeps.app/QRPeeps";
			};
			name = Release;
		};
		3DF45CF828D0EEDD00452D35 /* Debug */ = {
			isa = XCBuildConfiguration;
			buildSettings = {
				ALWAYS_EMBED_SWIFT_STANDARD_LIBRARIES = YES;
				CODE_SIGN_STYLE = Automatic;
				CURRENT_PROJECT_VERSION = 1;
				DEVELOPMENT_TEAM = ZRZ9UAH99Q;
				GENERATE_INFOPLIST_FILE = YES;
				MARKETING_VERSION = 1.0;
				PRODUCT_BUNDLE_IDENTIFIER = com.mailliwi.QRPeepsUITests;
				PRODUCT_NAME = "$(TARGET_NAME)";
				SWIFT_EMIT_LOC_STRINGS = NO;
				SWIFT_VERSION = 5.0;
				TARGETED_DEVICE_FAMILY = "1,2";
				TEST_TARGET_NAME = QRPeeps;
			};
			name = Debug;
		};
		3DF45CF928D0EEDD00452D35 /* Release */ = {
			isa = XCBuildConfiguration;
			buildSettings = {
				ALWAYS_EMBED_SWIFT_STANDARD_LIBRARIES = YES;
				CODE_SIGN_STYLE = Automatic;
				CURRENT_PROJECT_VERSION = 1;
				DEVELOPMENT_TEAM = ZRZ9UAH99Q;
				GENERATE_INFOPLIST_FILE = YES;
				MARKETING_VERSION = 1.0;
				PRODUCT_BUNDLE_IDENTIFIER = com.mailliwi.QRPeepsUITests;
				PRODUCT_NAME = "$(TARGET_NAME)";
				SWIFT_EMIT_LOC_STRINGS = NO;
				SWIFT_VERSION = 5.0;
				TARGETED_DEVICE_FAMILY = "1,2";
				TEST_TARGET_NAME = QRPeeps;
			};
			name = Release;
		};
/* End XCBuildConfiguration section */

/* Begin XCConfigurationList section */
		3DF45CC828D0EEDC00452D35 /* Build configuration list for PBXProject "QRPeeps" */ = {
			isa = XCConfigurationList;
			buildConfigurations = (
				3DF45CEF28D0EEDD00452D35 /* Debug */,
				3DF45CF028D0EEDD00452D35 /* Release */,
			);
			defaultConfigurationIsVisible = 0;
			defaultConfigurationName = Release;
		};
		3DF45CF128D0EEDD00452D35 /* Build configuration list for PBXNativeTarget "QRPeeps" */ = {
			isa = XCConfigurationList;
			buildConfigurations = (
				3DF45CF228D0EEDD00452D35 /* Debug */,
				3DF45CF328D0EEDD00452D35 /* Release */,
			);
			defaultConfigurationIsVisible = 0;
			defaultConfigurationName = Release;
		};
		3DF45CF428D0EEDD00452D35 /* Build configuration list for PBXNativeTarget "QRPeepsTests" */ = {
			isa = XCConfigurationList;
			buildConfigurations = (
				3DF45CF528D0EEDD00452D35 /* Debug */,
				3DF45CF628D0EEDD00452D35 /* Release */,
			);
			defaultConfigurationIsVisible = 0;
			defaultConfigurationName = Release;
		};
		3DF45CF728D0EEDD00452D35 /* Build configuration list for PBXNativeTarget "QRPeepsUITests" */ = {
			isa = XCConfigurationList;
			buildConfigurations = (
				3DF45CF828D0EEDD00452D35 /* Debug */,
				3DF45CF928D0EEDD00452D35 /* Release */,
			);
			defaultConfigurationIsVisible = 0;
			defaultConfigurationName = Release;
		};
/* End XCConfigurationList section */

/* Begin XCRemoteSwiftPackageReference section */
		3D7DB73B28D939550039536C /* XCRemoteSwiftPackageReference "lottie-ios" */ = {
			isa = XCRemoteSwiftPackageReference;
			repositoryURL = "https://github.com/airbnb/lottie-ios";
			requirement = {
				kind = upToNextMajorVersion;
				minimumVersion = 3.0.0;
			};
		};
		3DA9A22428D3DABD000D3BA2 /* XCRemoteSwiftPackageReference "CodeScanner" */ = {
			isa = XCRemoteSwiftPackageReference;
			repositoryURL = "https://github.com/twostraws/CodeScanner";
			requirement = {
				kind = upToNextMajorVersion;
				minimumVersion = 2.0.0;
			};
		};
/* End XCRemoteSwiftPackageReference section */

/* Begin XCSwiftPackageProductDependency section */
		3D7DB73C28D939550039536C /* Lottie */ = {
			isa = XCSwiftPackageProductDependency;
			package = 3D7DB73B28D939550039536C /* XCRemoteSwiftPackageReference "lottie-ios" */;
			productName = Lottie;
		};
		3DA9A22528D3DABD000D3BA2 /* CodeScanner */ = {
			isa = XCSwiftPackageProductDependency;
			package = 3DA9A22428D3DABD000D3BA2 /* XCRemoteSwiftPackageReference "CodeScanner" */;
			productName = CodeScanner;
		};
/* End XCSwiftPackageProductDependency section */
	};
	rootObject = 3DF45CC528D0EEDC00452D35 /* Project object */;
}
